{
  "lib/erc8167": {
    "rev": "a0424287ad45e047d1ba47d23e5bcaae738c2b3d"
  },
  "lib/forge-std": {
    "tag": {
      "name": "v1.16.2",
      "rev": "bf647bd6046f2f7da30d0c2bf435e5c76a780c1b"
    }
  },
  "lib/fvm-solidity": {
    "branch": {
      "name": "main",
      "rev": "ea1fe65367d7539236be111916a6e2781bcf7a1b"
    }
  }
}