{
  "lib/erc8167": {
    "rev": "de3e6a7e7ec3718ebf28d35761d33874cce08b96"
  },
  "lib/forge-std": {
    "tag": {
      "name": "v1.16.2",
      "rev": "bf647bd6046f2f7da30d0c2bf435e5c76a780c1b"
    }
  },
  "lib/fvm-solidity": {
    "branch": {
      "name": "main",
      "rev": "ea1fe65367d7539236be111916a6e2781bcf7a1b"
    }
  }
}
