{
  "lib/forge-std": {
    "tag": {
      "name": "v1.16.2",
      "rev": "bf647bd6046f2f7da30d0c2bf435e5c76a780c1b"
    }
  },
  "lib/fvm-solidity": {
    "rev": "ea1fe65367d7539236be111916a6e2781bcf7a1b"
  },
  "lib/safe-smart-account": {
    "tag": {
      "name": "v1.5.0",
      "rev": "77901a5a1ad835b74ad3b72f73a8412cfe491c57"
    }
  }
}
