version = 1
revision = 3
requires-python = ">=3.11"

[manifest]
requirements = [
    { name = "actionlint-py", specifier = ">=1.7,<2" },
    { name = "shellcheck-py", specifier = ">=0.11,<1" },
]

[[package]]
name = "actionlint-py"
version = "1.7.12.25"
source = { registry = "https://pypi.org/simple" }
sdist = { url = "https://files.pythonhosted.org/packages/33/75/36ee89db39bb3620d1e46fe1f6ec77d6000d30ff45345699e51b4c850e83/actionlint_py-1.7.12.25.tar.gz", hash = "sha256:83f83be4cd317c79b15cbb7022787513a6994f00bfb2dd8da02fa4e62b4f640d", size = 12438, upload-time = "2026-09-22T16:24:42.477Z" }

[[package]]
name = "shellcheck-py"
version = "0.11.0.1"
source = { registry = "https://pypi.org/simple" }
sdist = { url = "https://files.pythonhosted.org/packages/df/55/455b097417b3df3d330eff029c72c32f08b25739e3010acb30ad06d268ef/shellcheck_py-0.11.0.1.tar.gz", hash = "sha256:5c620c88901e8f1d3be5934b31ea99e3310065e1245253741eafd0a275c8c9cc", size = 3139, upload-time = "2025-08-09T17:53:42.492Z" }
wheels = [
    { url = "https://files.pythonhosted.org/packages/54/27/d75b03e5458cefdb6d3b674566cd20476c3e4d3fe6cc9d68b7e3b854b296/shellcheck_py-0.11.0.1-py2.py3-none-macosx_10_9_x86_64.whl", hash = "sha256:b6a3fee28efda2e16e38d6e6d59faf7224300256456639727370d404730849e8", size = 6774472, upload-time = "2025-08-09T17:53:34.573Z" },
    { url = "https://files.pythonhosted.org/packages/61/ac/2a84c37171c0cf5a10ea4b0a27d43eb0a1d29bd98b49c2c5ffe17ad24bbe/shellcheck_py-0.11.0.1-py2.py3-none-macosx_11_0_arm64.whl", hash = "sha256:6b88d0a244c82ed07e06a53e444da841f69330ca59ae15d4a66c391655dae7a0", size = 11381835, upload-time = "2025-08-09T17:53:36.852Z" },
    { url = "https://files.pythonhosted.org/packages/96/55/250e0e3367613a5c22bd82e33b16b889287d81ab0f7dda67e6514a4cccf4/shellcheck_py-0.11.0.1-py2.py3-none-manylinux1_x86_64.manylinux2014_x86_64.manylinux_2_17_x86_64.manylinux_2_5_x86_64.whl", hash = "sha256:1b274df81de5b000ff78db433e7328b87e52e3c38481c60f8e488c3095beef05", size = 3800600, upload-time = "2025-08-09T17:53:38.643Z" },
    { url = "https://files.pythonhosted.org/packages/15/5b/bb14c0a7474463b1aa3c09e866cb172dffc66ed2993b7ea8f1db581e86ee/shellcheck_py-0.11.0.1-py2.py3-none-win_amd64.whl", hash = "sha256:784156289ecb17e91c692cd783ab5152333309588cabb10032a047331c63e759", size = 8027541, upload-time = "2025-08-09T17:53:40.889Z" },
]
